
Microsoft Visual Studio Solution File, Format Version 12.00
# Visual Studio 15
VisualStudioVersion = 15.0.28010.2003
MinimumVisualStudioVersion = 10.0.40219.1
Project("{9A19103F-16F7-4668-BE54-9A1E7A4F7556}") = "employee", "employee.csproj", "{B6EC09E8-4202-4788-A207-FD4651778E3F}"
EndProject
Global
	GlobalSection(SolutionConfigurationPlatforms) = preSolution
		Debug|Any CPU = Debug|Any CPU
		Release|Any CPU = Release|Any CPU
	EndGlobalSection
	GlobalSection(ProjectConfigurationPlatforms) = postSolution
		{B6EC09E8-4202-4788-A207-FD4651778E3F}.Debug|Any CPU.ActiveCfg = Debug|Any CPU
		{B6EC09E8-4202-4788-A207-FD4651778E3F}.Debug|Any CPU.Build.0 = Debug|Any CPU
		{B6EC09E8-4202-4788-A207-FD4651778E3F}.Release|Any CPU.ActiveCfg = Release|Any CPU
		{B6EC09E8-4202-4788-A207-FD4651778E3F}.Release|Any CPU.Build.0 = Release|Any CPU
	EndGlobalSection
	GlobalSection(SolutionProperties) = preSolution
		HideSolutionNode = FALSE
	EndGlobalSection
	GlobalSection(ExtensibilityGlobals) = postSolution
		SolutionGuid = {9EE73B01-F772-4D50-82C1-365C02FB5DF0}
	EndGlobalSection
EndGlobal
